{
  "version": 4,
  "terraform_version": "1.8.5",
  "serial": 4,
  "lineage": "9b04f1ef-1bc0-a77a-810c-58092dc8e304",
  "outputs": {
    "gke_machine_type": {
      "value": "e2-standard-4",
      "type": "string"
    },
    "gke_node_disk_size": {
      "value": 100,
      "type": "number"
    },
    "gke_num_nodes": {
      "value": 3,
      "type": "number"
    },
    "kubernetes_cluster_host": {
      "value": "34.147.84.223",
      "type": "string"
    },
    "kubernetes_cluster_name": {
      "value": "cluster-3",
      "type": "string"
    },
    "project_id": {
      "value": "gcs-bucket-tom",
      "type": "string"
    },
    "region": {
      "value": "europe-west4-a",
      "type": "string"
    }
  },
  "resources": [
    {
      "mode": "data",
      "type": "google_client_config",
      "name": "default",
      "provider": "provider[\"registry.terraform.io/hashicorp/google\"]",
      "instances": [
        {
          "schema_version": 0,
          "attributes": {
            "access_token": "ya29.a0AXooCgunuBv_t5IxlIfFkMORkpa_CZK4FQ9y9g-HSKB86IH2ragP0Vb3xv7_m_einx_7tDcQIU3sTJJ2A6gwhbwRiBgjULX0UPLCGLkHdaqyV2gkcx5SyjniEfNCxM2s3JkHu8wXaomZNugztiGJYuwgee6CC7M-20y5ywaCgYKAV8SARESFQHGX2Mi0hWbD8b67Wq48VPQHFXruQ0173",
            "id": "projects/\"gcs-bucket-tom\"/regions/\"europe-west4-a\"/zones/\u003cnull\u003e",
            "project": "gcs-bucket-tom",
            "region": "europe-west4-a",
            "zone": null
          },
          "sensitive_attributes": [
            [
              {
                "type": "get_attr",
                "value": "access_token"
              }
            ]
          ]
        }
      ]
    },
    {
      "mode": "managed",
      "type": "google_container_cluster",
      "name": "cluster1",
      "provider": "provider[\"registry.terraform.io/hashicorp/google\"]",
      "instances": [
        {
          "schema_version": 2,
          "attributes": {
            "addons_config": [
              {
                "cloudrun_config": [],
                "config_connector_config": [],
                "dns_cache_config": [],
                "gce_persistent_disk_csi_driver_config": [
                  {
                    "enabled": true
                  }
                ],
                "gcp_filestore_csi_driver_config": [],
                "gcs_fuse_csi_driver_config": [],
                "gke_backup_agent_config": [],
                "horizontal_pod_autoscaling": [],
                "http_load_balancing": [],
                "network_policy_config": [
                  {
                    "disabled": true
                  }
                ]
              }
            ],
            "allow_net_admin": null,
            "authenticator_groups_config": [],
            "binary_authorization": [
              {
                "enabled": false,
                "evaluation_mode": ""
              }
            ],
            "cluster_autoscaling": [
              {
                "auto_provisioning_defaults": [],
                "enabled": false,
                "resource_limits": []
              }
            ],
            "cluster_ipv4_cidr": "10.92.0.0/14",
            "confidential_nodes": [],
            "cost_management_config": [],
            "database_encryption": [
              {
                "key_name": "",
                "state": "DECRYPTED"
              }
            ],
            "datapath_provider": "",
            "default_max_pods_per_node": 110,
            "default_snat_status": [
              {
                "disabled": false
              }
            ],
            "deletion_protection": false,
            "description": "",
            "dns_config": [],
            "enable_autopilot": false,
            "enable_intranode_visibility": false,
            "enable_k8s_beta_apis": [],
            "enable_kubernetes_alpha": false,
            "enable_l4_ilb_subsetting": false,
            "enable_legacy_abac": false,
            "enable_shielded_nodes": true,
            "enable_tpu": false,
            "endpoint": "34.147.84.223",
            "fleet": [],
            "gateway_api_config": [],
            "id": "projects/gcs-bucket-tom/locations/europe-west4-a/clusters/cluster-3",
            "identity_service_config": [],
            "initial_node_count": 1,
            "ip_allocation_policy": [
              {
                "additional_pod_ranges_config": [],
                "cluster_ipv4_cidr_block": "10.92.0.0/14",
                "cluster_secondary_range_name": "gke-cluster-3-pods-13da3ad5",
                "pod_cidr_overprovision_config": [
                  {
                    "disabled": false
                  }
                ],
                "services_ipv4_cidr_block": "34.118.224.0/20",
                "services_secondary_range_name": "",
                "stack_type": "IPV4"
              }
            ],
            "label_fingerprint": "a9dc16a7",
            "location": "europe-west4-a",
            "logging_config": [
              {
                "enable_components": [
                  "SYSTEM_COMPONENTS",
                  "WORKLOADS"
                ]
              }
            ],
            "logging_service": "logging.googleapis.com/kubernetes",
            "maintenance_policy": [],
            "master_auth": [
              {
                "client_certificate": "",
                "client_certificate_config": [
                  {
                    "issue_client_certificate": false
                  }
                ],
                "client_key": "",
                "cluster_ca_certificate": "LS0tLS1CRUdJTiBDRVJUSUZJQ0FURS0tLS0tCk1JSUVMRENDQXBTZ0F3SUJBZ0lRVlFwQlZDaWU2V055M0w1c2pkTWNsVEFOQmdrcWhraUc5dzBCQVFzRkFEQXYKTVMwd0t3WURWUVFERXlRM1pXTXdOalU0T0Mxa1lqUmhMVFF3WXprdE9EY3lZaTFrTmpneU1UaGpZVGRsWVRrdwpJQmNOTWpRd05qRTVNRGt4T0RFMVdoZ1BNakExTkRBMk1USXhNREU0TVRWYU1DOHhMVEFyQmdOVkJBTVRKRGRsCll6QTJOVGc0TFdSaU5HRXROREJqT1MwNE56SmlMV1EyT0RJeE9HTmhOMlZoT1RDQ0FhSXdEUVlKS29aSWh2Y04KQVFFQkJRQURnZ0dQQURDQ0FZb0NnZ0dCQU1qNE0zUEFvYThhV0RNbW5uQnVBS1BGQkNUTXIxY25pTHBndFBRRQpWNzdSL2RoOGJoZjR5dG0wMUdZUEJzVVNQbXRxSTQvL0dxbytDakNlbGxWdTJHWVdERVpVd1Q2MFlVWkNDQno4CklWUWlGdHZ6d1lUVk1odGhERTljeW1ERUswSFlJejBaMmo3Vk9FU2JNbnF6bUVNbFI4OEZRZmVWOS9ydStuY08KeE1DcHVQR3VDdGcybnVTTjZUejhBVTJnSnNtUEozQStYbFlBVlpheHVFTE5Ba0U2RUxFUjFuYXZrMEpNNjBhYwpRVUVPZHhkd1dKUHlmak9QSXg1bXdTSmZmTjNhajN1OVVSY3krV1Z4M0pERFB3L2diNE1IdXdjMlE4RWJCa0NuCmthWnVIdCtjSTltQmQzcnZwanVDQ3VWeGQzcjFtNHJxVFZrZFlsVnZQaFBEOHBXbnlTNEJOTURYbERMdEoyTDEKbE80cHAvVG9zUXhyRkhNN09vekFTNHJlQTBucFp6czZYNGxWQUc1TDU0Zkg5ZFlCbXUycnlTTHg1R2R4Y3ByMgpRNTAxc0FJNzdIbWg1OU0weWFZV0pCem9WamN0cWpsT2N2bW1meXU3aVVlV0ZGVlFHZ2daS1NVbzRSZ004c1V6CllQUzMrUzZhZFlvUHFLQmlORjYvZGN4NzV3SURBUUFCbzBJd1FEQU9CZ05WSFE4QkFmOEVCQU1DQWdRd0R3WUQKVlIwVEFRSC9CQVV3QXdFQi96QWRCZ05WSFE0RUZnUVV3anlkOGd5cE5UTCtHenVrQWh2Q3F3dW1IcEV3RFFZSgpLb1pJaHZjTkFRRUxCUUFEZ2dHQkFHV251bURZS0FjNkNidktaTEVpVElKWXFyTFFER2Fsbnh6KzJGa0dmc1NwCmY2cmlHRjZRS0xHOFQ1cHJJRVoxbExaV0Q2emNKdHJJNnVHeEVQMG5YN3dmNUN0UHNSOG8vMm1GdTMrWVhQU0sKQjdteXo2aGhvMHMxWEVHMEZFOWVWbDFqOHprQWxiRXozUWc0MzZsc1BndkRlS3gzZ3QwRkFxR016SzBDUjMrUApXSHpPUjV2d1pWWHNCcUdDS1BLOHpBdmdWOW5GeVhZNEZDQ0JMUDdpV0d1QUZpZEx1dktHelB2UmtPdGRaaG0xClB5bXp6SGNlSFBRZG9JNTVEYWYrRlBsZXpMMkI0OUFEamFXNEhwWjluVklZS0pVYzRvUk9TckNMNzVQeVNqZUwKVDFCQTRmV01jSEpERFFsTE5hTjJHNzZBVXlzcTdKeVZzSStwK3RyTEtXUFFPRU1SS210eFNoTi93WERjRVRZeQpQTDBsUWYyN244aDNhK2V3elJycjZQWFJRdVVVaEJqQWQ5UEROSTQvSVBuUlZxRUozc2NuSDlSNEE2L2RITURvCkpFb1NPbTdYZ2xtT1dLbXA5dGJJcTFLQTZaaURTd0s3SDVJb25ENGV6c1lwTGZzcjBDZWtJWXFRSmpRRFdQUGoKMVlSMXpqd25yOVVDU1VIMUZSY253UT09Ci0tLS0tRU5EIENFUlRJRklDQVRFLS0tLS0K"
              }
            ],
            "master_authorized_networks_config": [],
            "master_version": "1.29.4-gke.1043002",
            "mesh_certificates": [],
            "min_master_version": null,
            "monitoring_config": [
              {
                "advanced_datapath_observability_config": [
                  {
                    "enable_metrics": false,
                    "relay_mode": ""
                  }
                ],
                "enable_components": [
                  "SYSTEM_COMPONENTS"
                ],
                "managed_prometheus": [
                  {
                    "enabled": true
                  }
                ]
              }
            ],
            "monitoring_service": "monitoring.googleapis.com/kubernetes",
            "name": "cluster-3",
            "network": "projects/gcs-bucket-tom/global/networks/default",
            "network_policy": [
              {
                "enabled": false,
                "provider": "PROVIDER_UNSPECIFIED"
              }
            ],
            "networking_mode": "VPC_NATIVE",
            "node_config": [],
            "node_locations": [],
            "node_pool": [],
            "node_pool_auto_config": [],
            "node_pool_defaults": [
              {
                "node_config_defaults": [
                  {
                    "logging_variant": "DEFAULT"
                  }
                ]
              }
            ],
            "node_version": "1.29.4-gke.1043002",
            "notification_config": [
              {
                "pubsub": [
                  {
                    "enabled": false,
                    "filter": [],
                    "topic": ""
                  }
                ]
              }
            ],
            "operation": null,
            "private_cluster_config": [
              {
                "enable_private_endpoint": false,
                "enable_private_nodes": false,
                "master_global_access_config": [
                  {
                    "enabled": false
                  }
                ],
                "master_ipv4_cidr_block": "",
                "peering_name": "",
                "private_endpoint": "10.164.0.2",
                "private_endpoint_subnetwork": "",
                "public_endpoint": "34.147.84.223"
              }
            ],
            "private_ipv6_google_access": "",
            "project": "gcs-bucket-tom",
            "release_channel": [
              {
                "channel": "REGULAR"
              }
            ],
            "remove_default_node_pool": true,
            "resource_labels": null,
            "resource_usage_export_config": [],
            "security_posture_config": [
              {
                "mode": "BASIC",
                "vulnerability_mode": "VULNERABILITY_MODE_UNSPECIFIED"
              }
            ],
            "self_link": "https://container.googleapis.com/v1/projects/gcs-bucket-tom/zones/europe-west4-a/clusters/cluster-3",
            "service_external_ips_config": [
              {
                "enabled": false
              }
            ],
            "services_ipv4_cidr": "34.118.224.0/20",
            "subnetwork": "projects/gcs-bucket-tom/regions/europe-west4/subnetworks/default",
            "timeouts": null,
            "tpu_ipv4_cidr_block": "",
            "vertical_pod_autoscaling": [],
            "workload_identity_config": []
          },
          "sensitive_attributes": [
            [
              {
                "type": "get_attr",
                "value": "master_auth"
              },
              {
                "type": "index",
                "value": {
                  "value": 0,
                  "type": "number"
                }
              },
              {
                "type": "get_attr",
                "value": "client_key"
              }
            ]
          ],
          "private": "eyJlMmJmYjczMC1lY2FhLTExZTYtOGY4OC0zNDM2M2JjN2M0YzAiOnsiY3JlYXRlIjoyNDAwMDAwMDAwMDAwLCJkZWxldGUiOjI0MDAwMDAwMDAwMDAsInJlYWQiOjI0MDAwMDAwMDAwMDAsInVwZGF0ZSI6MzYwMDAwMDAwMDAwMH0sInNjaGVtYV92ZXJzaW9uIjoiMiJ9"
        }
      ]
    },
    {
      "mode": "managed",
      "type": "google_container_node_pool",
      "name": "cluster1_nodes",
      "provider": "provider[\"registry.terraform.io/hashicorp/google\"]",
      "instances": [
        {
          "schema_version": 1,
          "attributes": {
            "autoscaling": [],
            "cluster": "cluster-3",
            "id": "projects/gcs-bucket-tom/locations/europe-west4-a/clusters/cluster-3/nodePools/cluster-3",
            "initial_node_count": 3,
            "instance_group_urls": [
              "https://www.googleapis.com/compute/v1/projects/gcs-bucket-tom/zones/europe-west4-a/instanceGroupManagers/gke-cluster-3-cluster-3-352e2403-grp"
            ],
            "location": "europe-west4-a",
            "managed_instance_group_urls": [
              "https://www.googleapis.com/compute/v1/projects/gcs-bucket-tom/zones/europe-west4-a/instanceGroups/gke-cluster-3-cluster-3-352e2403-grp"
            ],
            "management": [
              {
                "auto_repair": true,
                "auto_upgrade": true
              }
            ],
            "max_pods_per_node": 110,
            "name": "cluster-3",
            "name_prefix": "",
            "network_config": [
              {
                "create_pod_range": false,
                "enable_private_nodes": false,
                "pod_cidr_overprovision_config": [],
                "pod_ipv4_cidr_block": "10.92.0.0/14",
                "pod_range": "gke-cluster-3-pods-13da3ad5"
              }
            ],
            "node_config": [
              {
                "advanced_machine_features": [],
                "boot_disk_kms_key": "",
                "confidential_nodes": [],
                "disk_size_gb": 100,
                "disk_type": "pd-standard",
                "effective_taints": [],
                "ephemeral_storage_local_ssd_config": [],
                "fast_socket": [],
                "gcfs_config": [],
                "guest_accelerator": [],
                "gvnic": [],
                "host_maintenance_policy": [],
                "image_type": "COS_CONTAINERD",
                "kubelet_config": [],
                "labels": {
                  "env": "gcs-bucket-tom"
                },
                "linux_node_config": [],
                "local_nvme_ssd_block_config": [],
                "local_ssd_count": 0,
                "logging_variant": "DEFAULT",
                "machine_type": "e2-standard-4",
                "metadata": {
                  "disable-legacy-endpoints": "true"
                },
                "min_cpu_platform": "",
                "node_group": "",
                "oauth_scopes": [
                  "https://www.googleapis.com/auth/cloud-platform"
                ],
                "preemptible": false,
                "reservation_affinity": [],
                "resource_labels": null,
                "service_account": "default",
                "shielded_instance_config": [
                  {
                    "enable_integrity_monitoring": true,
                    "enable_secure_boot": false
                  }
                ],
                "sole_tenant_config": [],
                "spot": false,
                "tags": null,
                "taint": [],
                "workload_metadata_config": []
              }
            ],
            "node_count": 3,
            "node_locations": [
              "europe-west4-a"
            ],
            "operation": null,
            "placement_policy": [],
            "project": "gcs-bucket-tom",
            "timeouts": null,
            "upgrade_settings": [
              {
                "blue_green_settings": [],
                "max_surge": 1,
                "max_unavailable": 0,
                "strategy": "SURGE"
              }
            ],
            "version": "1.29.4-gke.1043002"
          },
          "sensitive_attributes": [],
          "private": "eyJlMmJmYjczMC1lY2FhLTExZTYtOGY4OC0zNDM2M2JjN2M0YzAiOnsiY3JlYXRlIjoxODAwMDAwMDAwMDAwLCJkZWxldGUiOjE4MDAwMDAwMDAwMDAsInVwZGF0ZSI6MTgwMDAwMDAwMDAwMH0sInNjaGVtYV92ZXJzaW9uIjoiMSJ9",
          "dependencies": [
            "google_container_cluster.cluster1"
          ]
        }
      ]
    },
    {
      "mode": "managed",
      "type": "kubernetes_namespace",
      "name": "namespace1",
      "provider": "provider[\"registry.terraform.io/hashicorp/kubernetes\"]",
      "instances": [
        {
          "schema_version": 0,
          "attributes": {
            "id": "argo",
            "metadata": [
              {
                "annotations": null,
                "generate_name": "",
                "generation": 0,
                "labels": null,
                "name": "argo",
                "resource_version": "5390",
                "uid": "2ee04199-b8b4-401a-aeff-0651886c62ff"
              }
            ],
            "timeouts": null,
            "wait_for_default_service_account": false
          },
          "sensitive_attributes": [],
          "private": "eyJlMmJmYjczMC1lY2FhLTExZTYtOGY4OC0zNDM2M2JjN2M0YzAiOnsiZGVsZXRlIjozMDAwMDAwMDAwMDB9fQ==",
          "dependencies": [
            "data.google_client_config.default",
            "google_container_cluster.cluster1",
            "google_container_node_pool.cluster1_nodes"
          ]
        }
      ]
    }
  ],
  "check_results": null
}
